
Microsoft Visual Studio Solution File, Format Version 12.00
# Visual Studio Version 16
VisualStudioVersion = 16.0.31605.320
MinimumVisualStudioVersion = 10.0.40219.1
Project("{FAE04EC0-301F-11D3-BF4B-00C04F79EFBC}") = "trabajoProgramacion3", "trabajoProgramacion3\trabajoProgramacion3.csproj", "{E58137AC-A9BE-43C7-85FC-E70989B57D9B}"
EndProject
Global
	GlobalSection(SolutionConfigurationPlatforms) = preSolution
		Debug|Any CPU = Debug|Any CPU
		Release|Any CPU = Release|Any CPU
	EndGlobalSection
	GlobalSection(ProjectConfigurationPlatforms) = postSolution
		{E58137AC-A9BE-43C7-85FC-E70989B57D9B}.Debug|Any CPU.ActiveCfg = Debug|Any CPU
		{E58137AC-A9BE-43C7-85FC-E70989B57D9B}.Debug|Any CPU.Build.0 = Debug|Any CPU
		{E58137AC-A9BE-43C7-85FC-E70989B57D9B}.Release|Any CPU.ActiveCfg = Release|Any CPU
		{E58137AC-A9BE-43C7-85FC-E70989B57D9B}.Release|Any CPU.Build.0 = Release|Any CPU
	EndGlobalSection
	GlobalSection(SolutionProperties) = preSolution
		HideSolutionNode = FALSE
	EndGlobalSection
	GlobalSection(ExtensibilityGlobals) = postSolution
		SolutionGuid = {9D0D294B-63EC-4522-ABD9-C0BA2110979B}
	EndGlobalSection
EndGlobal
